
Microsoft Visual Studio Solution File, Format Version 12.00
# Visual Studio Version 16
VisualStudioVersion = 16.0.32630.194
MinimumVisualStudioVersion = 10.0.40219.1
Project("{FAE04EC0-301F-11D3-BF4B-00C04F79EFBC}") = "Comparatively", "Comparatively\Comparatively.csproj", "{C0D92A57-1CE2-4A60-AE9F-BA89A42D04E1}"
EndProject
Global
	GlobalSection(SolutionConfigurationPlatforms) = preSolution
		Debug|Any CPU = Debug|Any CPU
		Release|Any CPU = Release|Any CPU
	EndGlobalSection
	GlobalSection(ProjectConfigurationPlatforms) = postSolution
		{C0D92A57-1CE2-4A60-AE9F-BA89A42D04E1}.Debug|Any CPU.ActiveCfg = Debug|Any CPU
		{C0D92A57-1CE2-4A60-AE9F-BA89A42D04E1}.Debug|Any CPU.Build.0 = Debug|Any CPU
		{C0D92A57-1CE2-4A60-AE9F-BA89A42D04E1}.Release|Any CPU.ActiveCfg = Release|Any CPU
		{C0D92A57-1CE2-4A60-AE9F-BA89A42D04E1}.Release|Any CPU.Build.0 = Release|Any CPU
	EndGlobalSection
	GlobalSection(SolutionProperties) = preSolution
		HideSolutionNode = FALSE
	EndGlobalSection
	GlobalSection(ExtensibilityGlobals) = postSolution
		SolutionGuid = {054D1359-34A6-4A72-B2EC-8AF1E17E2958}
	EndGlobalSection
EndGlobal
